<Solution>
  <Project Path="RetailOrdering.Api/RetailOrdering.Api.csproj" />
  <Project Path="RetailOrdering.Application/RetailOrdering.Application.csproj" />
  <Project Path="RetailOrdering.Core/RetailOrdering.Core.csproj" />
  <Project Path="RetailOrdering.Infrastructure/RetailOrdering.Infrastructure.csproj" />
</Solution>
